dependencies:
- name: redis
  repository: https://charts.bitnami.com/bitnami
  version: 16.13.2
- name: mongodb
  repository: https://charts.bitnami.com/bitnami
  version: 13.18.5
digest: sha256:4c83a0fafca215ac0b0d8a6dfa3947e67e1990b87608cd532ecc4f804f2a2504
generated: "2024-06-18T14:40:36.901053304+02:00"
