dependencies:
- name: idsvr
  repository: https://curityio.github.io/idsvr-helm
  version: 0.12.15
- name: postgresql
  repository: https://charts.bitnami.com/bitnami
  version: 11.9.13
- name: vault
  repository: https://helm.releases.hashicorp.com
  version: 0.23.0
digest: sha256:6f7f25c45f7c10dc8bd3b746b3d125da9a059037db9b80fea9373967a6785664
generated: "2023-11-08T10:55:26.40736+01:00"
