dependencies:
- name: idsvr
  repository: https://curityio.github.io/idsvr-helm
  version: 0.12.15
- name: postgresql
  repository: https://charts.bitnami.com/bitnami
  version: 11.9.13
digest: sha256:9805504a1b6fcd62c80c767c813aa447a9de92d833135a707e539bc48dbeda4d
generated: "2023-11-07T10:39:54.935098+01:00"
